
Microsoft Visual Studio Solution File, Format Version 12.00
# Visual Studio 2012
Project("{FAE04EC0-301F-11D3-BF4B-00C04F79EFBC}") = "Wiki.Net", "Wiki.Net\Wiki.Net.csproj", "{3646BE3B-7BF8-4E33-8A0B-170DD59E62F0}"
EndProject
Project("{FAE04EC0-301F-11D3-BF4B-00C04F79EFBC}") = "Wiki.Net.Tests", "Wiki.Net.Tests\Wiki.Net.Tests.csproj", "{9F556837-F0AA-456C-98A4-0753FA549174}"
EndProject
Global
	GlobalSection(SolutionConfigurationPlatforms) = preSolution
		Debug|Any CPU = Debug|Any CPU
		Release|Any CPU = Release|Any CPU
	EndGlobalSection
	GlobalSection(ProjectConfigurationPlatforms) = postSolution
		{3646BE3B-7BF8-4E33-8A0B-170DD59E62F0}.Debug|Any CPU.ActiveCfg = Debug|Any CPU
		{3646BE3B-7BF8-4E33-8A0B-170DD59E62F0}.Debug|Any CPU.Build.0 = Debug|Any CPU
		{3646BE3B-7BF8-4E33-8A0B-170DD59E62F0}.Release|Any CPU.ActiveCfg = Release|Any CPU
		{3646BE3B-7BF8-4E33-8A0B-170DD59E62F0}.Release|Any CPU.Build.0 = Release|Any CPU
		{9F556837-F0AA-456C-98A4-0753FA549174}.Debug|Any CPU.ActiveCfg = Debug|Any CPU
		{9F556837-F0AA-456C-98A4-0753FA549174}.Debug|Any CPU.Build.0 = Debug|Any CPU
		{9F556837-F0AA-456C-98A4-0753FA549174}.Release|Any CPU.ActiveCfg = Release|Any CPU
		{9F556837-F0AA-456C-98A4-0753FA549174}.Release|Any CPU.Build.0 = Release|Any CPU
	EndGlobalSection
EndGlobal
